
Microsoft Visual Studio Solution File, Format Version 12.00
# Visual Studio Version 16
VisualStudioVersion = 16.0.32413.511
MinimumVisualStudioVersion = 10.0.40219.1
Project("{FAE04EC0-301F-11D3-BF4B-00C04F79EFBC}") = "TimeSeries", "TimeSeries\TimeSeries.csproj", "{B931E808-A9FF-436F-AFC2-98E029E53D2E}"
EndProject
Global
	GlobalSection(SolutionConfigurationPlatforms) = preSolution
		Debug|Any CPU = Debug|Any CPU
		Release|Any CPU = Release|Any CPU
	EndGlobalSection
	GlobalSection(ProjectConfigurationPlatforms) = postSolution
		{B931E808-A9FF-436F-AFC2-98E029E53D2E}.Debug|Any CPU.ActiveCfg = Debug|Any CPU
		{B931E808-A9FF-436F-AFC2-98E029E53D2E}.Debug|Any CPU.Build.0 = Debug|Any CPU
		{B931E808-A9FF-436F-AFC2-98E029E53D2E}.Release|Any CPU.ActiveCfg = Release|Any CPU
		{B931E808-A9FF-436F-AFC2-98E029E53D2E}.Release|Any CPU.Build.0 = Release|Any CPU
	EndGlobalSection
	GlobalSection(SolutionProperties) = preSolution
		HideSolutionNode = FALSE
	EndGlobalSection
	GlobalSection(ExtensibilityGlobals) = postSolution
		SolutionGuid = {45904ED5-B97D-41CB-9537-27F72322A077}
	EndGlobalSection
EndGlobal
